
Microsoft Visual Studio Solution File, Format Version 12.00
# Visual Studio Version 17
VisualStudioVersion = 17.7.34024.191
MinimumVisualStudioVersion = 10.0.40219.1
Project("{FAE04EC0-301F-11D3-BF4B-00C04F79EFBC}") = "DXWebApplication1", "DXWebApplication1\DXWebApplication1.csproj", "{17CAA3E4-2D6D-4392-A35B-6992CA59A959}"
EndProject
Global
	GlobalSection(SolutionConfigurationPlatforms) = preSolution
		Debug|Any CPU = Debug|Any CPU
		Release|Any CPU = Release|Any CPU
	EndGlobalSection
	GlobalSection(ProjectConfigurationPlatforms) = postSolution
		{17CAA3E4-2D6D-4392-A35B-6992CA59A959}.Debug|Any CPU.ActiveCfg = Debug|Any CPU
		{17CAA3E4-2D6D-4392-A35B-6992CA59A959}.Debug|Any CPU.Build.0 = Debug|Any CPU
		{17CAA3E4-2D6D-4392-A35B-6992CA59A959}.Release|Any CPU.ActiveCfg = Release|Any CPU
		{17CAA3E4-2D6D-4392-A35B-6992CA59A959}.Release|Any CPU.Build.0 = Release|Any CPU
	EndGlobalSection
	GlobalSection(SolutionProperties) = preSolution
		HideSolutionNode = FALSE
	EndGlobalSection
	GlobalSection(ExtensibilityGlobals) = postSolution
		SolutionGuid = {B4395A0E-3337-45C0-8B84-9770EE79D8C0}
	EndGlobalSection
EndGlobal
